{
  "name": "@hassan7253/pr-rigor",
  "version": "1.1.0",
  "lockfileVersion": 3,
  "requires": true,
  "packages": {
    "": {
      "name": "@hassan7253/pr-rigor",
      "version": "1.1.0",
      "license": "MIT",
      "bin": {
        "pr-rigor": "bin/pr-rigor.js"
      },
      "engines": {
        "node": ">=20"
      }
    }
  }
}
